{
  "object": {
    "pins": [
      {
        "package": "AdventOfCode",
        "repositoryURL": "https://github.com/petermeansrock/advent-of-code-swift.git",
        "state": {
          "branch": null,
          "revision": "cb850c1e1571a20584cd935aa03a64a142e72194",
          "version": "1.0.1"
        }
      }
    ]
  },
  "version": 1
}
