{
  "object": {
    "pins": [
      {
        "package": "AdventOfCode",
        "repositoryURL": "https://github.com/petermeansrock/advent-of-code-swift.git",
        "state": {
          "branch": null,
          "revision": "3a08d937a51478341a5d841cdbd1e5303a578e4d",
          "version": "1.2.0"
        }
      }
    ]
  },
  "version": 1
}
