{
  "object": {
    "pins": [
      {
        "package": "AdventOfCode",
        "repositoryURL": "https://github.com/petermeansrock/advent-of-code-swift.git",
        "state": {
          "branch": null,
          "revision": "b38fa83fa604d73aa205cd65f8eadd498a05d472",
          "version": "1.1.1"
        }
      }
    ]
  },
  "version": 1
}
